// !$*UTF8*$!
{
	archiveVersion = 1;
	classes = {
	};
	objectVersion = 51;
	objects = {

/* Begin PBXBuildFile section */
		BA2C6EDB25E638BA00B8275C /* ChatViewController.swift in Sources */ = {isa = PBXBuildFile; fileRef = BA2C6EDA25E638BA00B8275C /* ChatViewController.swift */; };
		BA2C6EDE25E639FC00B8275C /* SendToDBModel.swift in Sources */ = {isa = PBXBuildFile; fileRef = BA2C6EDD25E639FC00B8275C /* SendToDBModel.swift */; };
		BA2C6EFD25E63BD100B8275C /* Message.swift in Sources */ = {isa = PBXBuildFile; fileRef = BA2C6EFC25E63BD100B8275C /* Message.swift */; };
		BA2C6F0025E63BDA00B8275C /* RoomModel.swift in Sources */ = {isa = PBXBuildFile; fileRef = BA2C6EFF25E63BDA00B8275C /* RoomModel.swift */; };
		BA2C6F3F25E63CD500B8275C /* MessageCell.swift in Sources */ = {isa = PBXBuildFile; fileRef = BA2C6F3E25E63CD500B8275C /* MessageCell.swift */; };
		BA3740C525E8C96400769741 /* CheckViewController.swift in Sources */ = {isa = PBXBuildFile; fileRef = BA3740C425E8C96400769741 /* CheckViewController.swift */; };
		BA3740C825E8C96B00769741 /* CommentViewController.swift in Sources */ = {isa = PBXBuildFile; fileRef = BA3740C725E8C96B00769741 /* CommentViewController.swift */; };
		BA3740CB25E8C97A00769741 /* OdaiController.swift in Sources */ = {isa = PBXBuildFile; fileRef = BA3740CA25E8C97A00769741 /* OdaiController.swift */; };
		BA3740D025E8CA2500769741 /* AnswersModel.swift in Sources */ = {isa = PBXBuildFile; fileRef = BA3740CF25E8CA2500769741 /* AnswersModel.swift */; };
		BA3740D325E8CA2A00769741 /* CommentModel.swift in Sources */ = {isa = PBXBuildFile; fileRef = BA3740D225E8CA2A00769741 /* CommentModel.swift */; };
		BA3740D625E8CA4100769741 /* CustomCell.xib in Resources */ = {isa = PBXBuildFile; fileRef = BA3740D525E8CA4100769741 /* CustomCell.xib */; };
		BA3740D925E8CA4700769741 /* CustomCell.swift in Sources */ = {isa = PBXBuildFile; fileRef = BA3740D825E8CA4700769741 /* CustomCell.swift */; };
		BA6846E725E624C600DAAB9A /* sea.mov in Resources */ = {isa = PBXBuildFile; fileRef = BA6846E625E624C600DAAB9A /* sea.mov */; };
		BA6846EE25E6262B00DAAB9A /* MovieViewController.swift in Sources */ = {isa = PBXBuildFile; fileRef = BA6846ED25E6262B00DAAB9A /* MovieViewController.swift */; };
		BAA7D02725E4F25F000250D8 /* AppDelegate.swift in Sources */ = {isa = PBXBuildFile; fileRef = BAA7D02625E4F25F000250D8 /* AppDelegate.swift */; };
		BAA7D02925E4F25F000250D8 /* SceneDelegate.swift in Sources */ = {isa = PBXBuildFile; fileRef = BAA7D02825E4F25F000250D8 /* SceneDelegate.swift */; };
		BAA7D03025E4F25F000250D8 /* Assets.xcassets in Resources */ = {isa = PBXBuildFile; fileRef = BAA7D02F25E4F25F000250D8 /* Assets.xcassets */; };
		BAA7D03325E4F25F000250D8 /* LaunchScreen.storyboard in Resources */ = {isa = PBXBuildFile; fileRef = BAA7D03125E4F25F000250D8 /* LaunchScreen.storyboard */; };
		BAA7D04225E4F597000250D8 /* GetUserDataModel.swift in Sources */ = {isa = PBXBuildFile; fileRef = BAA7D04125E4F597000250D8 /* GetUserDataModel.swift */; };
		BAA7D04525E4F59B000250D8 /* SendModel.swift in Sources */ = {isa = PBXBuildFile; fileRef = BAA7D04425E4F59B000250D8 /* SendModel.swift */; };
		BAA7D04825E4F5A0000250D8 /* AlertSystem.swift in Sources */ = {isa = PBXBuildFile; fileRef = BAA7D04725E4F5A0000250D8 /* AlertSystem.swift */; };
		BAA7D04B25E4F5A4000250D8 /* PersonalData.swift in Sources */ = {isa = PBXBuildFile; fileRef = BAA7D04A25E4F5A4000250D8 /* PersonalData.swift */; };
		BAA7D05125E4F5AC000250D8 /* LoadModel.swift in Sources */ = {isa = PBXBuildFile; fileRef = BAA7D05025E4F5AC000250D8 /* LoadModel.swift */; };
		BAA7D05425E4F5B0000250D8 /* RankData.swift in Sources */ = {isa = PBXBuildFile; fileRef = BAA7D05325E4F5B0000250D8 /* RankData.swift */; };
		BAA7D07225E4F66D000250D8 /* RecordViewController.swift in Sources */ = {isa = PBXBuildFile; fileRef = BAA7D07125E4F66D000250D8 /* RecordViewController.swift */; };
		BAA7D07525E4F671000250D8 /* TabViewController.swift in Sources */ = {isa = PBXBuildFile; fileRef = BAA7D07425E4F671000250D8 /* TabViewController.swift */; };
		BAA7D07825E4F675000250D8 /* ChartViewController.swift in Sources */ = {isa = PBXBuildFile; fileRef = BAA7D07725E4F675000250D8 /* ChartViewController.swift */; };
		BAA7D07B25E4F678000250D8 /* RankingViewController.swift in Sources */ = {isa = PBXBuildFile; fileRef = BAA7D07A25E4F678000250D8 /* RankingViewController.swift */; };
		BAA7D07E25E4F67B000250D8 /* SettingViewController.swift in Sources */ = {isa = PBXBuildFile; fileRef = BAA7D07D25E4F67B000250D8 /* SettingViewController.swift */; };
		BAA7D08125E4F748000250D8 /* Main.storyboard in Resources */ = {isa = PBXBuildFile; fileRef = BAA7D08025E4F748000250D8 /* Main.storyboard */; };
		BAA7D0C125E4FCEB000250D8 /* GoogleService-Info.plist in Resources */ = {isa = PBXBuildFile; fileRef = BAA7D0C025E4FCEB000250D8 /* GoogleService-Info.plist */; };
		BAA7D0C525E50555000250D8 /* introViewController.swift in Sources */ = {isa = PBXBuildFile; fileRef = BAA7D0C425E50555000250D8 /* introViewController.swift */; };
		BAA7D0C825E505CE000250D8 /* 1.json in Resources */ = {isa = PBXBuildFile; fileRef = BAA7D0C725E505CE000250D8 /* 1.json */; };
		BAA7D0CB25E505D2000250D8 /* 2.json in Resources */ = {isa = PBXBuildFile; fileRef = BAA7D0CA25E505D2000250D8 /* 2.json */; };
		BAA7D0CE25E505D7000250D8 /* 3.json in Resources */ = {isa = PBXBuildFile; fileRef = BAA7D0CD25E505D7000250D8 /* 3.json */; };
		BAA7D0D125E505DA000250D8 /* 4.json in Resources */ = {isa = PBXBuildFile; fileRef = BAA7D0D025E505DA000250D8 /* 4.json */; };
		BAA7D0D425E505DD000250D8 /* 5.json in Resources */ = {isa = PBXBuildFile; fileRef = BAA7D0D325E505DD000250D8 /* 5.json */; };
		BAA7D0D825E52F44000250D8 /* ViewController.swift in Sources */ = {isa = PBXBuildFile; fileRef = BAA7D0D725E52F44000250D8 /* ViewController.swift */; };
		BAA7D0DC25E53009000250D8 /* GetDateModel.swift in Sources */ = {isa = PBXBuildFile; fileRef = BAA7D0DB25E53009000250D8 /* GetDateModel.swift */; };
		BAAC6ECB25E649E9001F028E /* MessageCell.xib in Resources */ = {isa = PBXBuildFile; fileRef = BAAC6ECA25E649E9001F028E /* MessageCell.xib */; };
		D2E166FC879A0E5869989C6A /* Pods_TryApp.framework in Frameworks */ = {isa = PBXBuildFile; fileRef = 365DEB51C472B22D9DA0158C /* Pods_TryApp.framework */; };
/* End PBXBuildFile section */

/* Begin PBXFileReference section */
		365DEB51C472B22D9DA0158C /* Pods_TryApp.framework */ = {isa = PBXFileReference; explicitFileType = wrapper.framework; includeInIndex = 0; path = Pods_TryApp.framework; sourceTree = BUILT_PRODUCTS_DIR; };
		85941715A56ED608DA527C0E /* Pods-TryApp.debug.xcconfig */ = {isa = PBXFileReference; includeInIndex = 1; lastKnownFileType = text.xcconfig; name = "Pods-TryApp.debug.xcconfig"; path = "Target Support Files/Pods-TryApp/Pods-TryApp.debug.xcconfig"; sourceTree = "<group>"; };
		BA2C6EDA25E638BA00B8275C /* ChatViewController.swift */ = {isa = PBXFileReference; fileEncoding = 4; lastKnownFileType = sourcecode.swift; path = ChatViewController.swift; sourceTree = "<group>"; };
		BA2C6EDD25E639FC00B8275C /* SendToDBModel.swift */ = {isa = PBXFileReference; fileEncoding = 4; lastKnownFileType = sourcecode.swift; path = SendToDBModel.swift; sourceTree = "<group>"; };
		BA2C6EFC25E63BD100B8275C /* Message.swift */ = {isa = PBXFileReference; fileEncoding = 4; lastKnownFileType = sourcecode.swift; path = Message.swift; sourceTree = "<group>"; };
		BA2C6EFF25E63BDA00B8275C /* RoomModel.swift */ = {isa = PBXFileReference; fileEncoding = 4; lastKnownFileType = sourcecode.swift; path = RoomModel.swift; sourceTree = "<group>"; };
		BA2C6F3E25E63CD500B8275C /* MessageCell.swift */ = {isa = PBXFileReference; fileEncoding = 4; lastKnownFileType = sourcecode.swift; path = MessageCell.swift; sourceTree = "<group>"; };
		BA3740C425E8C96400769741 /* CheckViewController.swift */ = {isa = PBXFileReference; fileEncoding = 4; lastKnownFileType = sourcecode.swift; path = CheckViewController.swift; sourceTree = "<group>"; };
		BA3740C725E8C96B00769741 /* CommentViewController.swift */ = {isa = PBXFileReference; fileEncoding = 4; lastKnownFileType = sourcecode.swift; path = CommentViewController.swift; sourceTree = "<group>"; };
		BA3740CA25E8C97A00769741 /* OdaiController.swift */ = {isa = PBXFileReference; fileEncoding = 4; lastKnownFileType = sourcecode.swift; path = OdaiController.swift; sourceTree = "<group>"; };
		BA3740CF25E8CA2500769741 /* AnswersModel.swift */ = {isa = PBXFileReference; fileEncoding = 4; lastKnownFileType = sourcecode.swift; path = AnswersModel.swift; sourceTree = "<group>"; };
		BA3740D225E8CA2A00769741 /* CommentModel.swift */ = {isa = PBXFileReference; fileEncoding = 4; lastKnownFileType = sourcecode.swift; path = CommentModel.swift; sourceTree = "<group>"; };
		BA3740D525E8CA4100769741 /* CustomCell.xib */ = {isa = PBXFileReference; fileEncoding = 4; lastKnownFileType = file.xib; path = CustomCell.xib; sourceTree = "<group>"; };
		BA3740D825E8CA4700769741 /* CustomCell.swift */ = {isa = PBXFileReference; fileEncoding = 4; lastKnownFileType = sourcecode.swift; path = CustomCell.swift; sourceTree = "<group>"; };
		BA6846E625E624C600DAAB9A /* sea.mov */ = {isa = PBXFileReference; lastKnownFileType = video.quicktime; path = sea.mov; sourceTree = "<group>"; };
		BA6846ED25E6262B00DAAB9A /* MovieViewController.swift */ = {isa = PBXFileReference; lastKnownFileType = sourcecode.swift; path = MovieViewController.swift; sourceTree = "<group>"; };
		BAA7D02325E4F25F000250D8 /* TryApp.app */ = {isa = PBXFileReference; explicitFileType = wrapper.application; includeInIndex = 0; path = TryApp.app; sourceTree = BUILT_PRODUCTS_DIR; };
		BAA7D02625E4F25F000250D8 /* AppDelegate.swift */ = {isa = PBXFileReference; lastKnownFileType = sourcecode.swift; path = AppDelegate.swift; sourceTree = "<group>"; };
		BAA7D02825E4F25F000250D8 /* SceneDelegate.swift */ = {isa = PBXFileReference; lastKnownFileType = sourcecode.swift; path = SceneDelegate.swift; sourceTree = "<group>"; };
		BAA7D02F25E4F25F000250D8 /* Assets.xcassets */ = {isa = PBXFileReference; lastKnownFileType = folder.assetcatalog; path = Assets.xcassets; sourceTree = "<group>"; };
		BAA7D03225E4F25F000250D8 /* Base */ = {isa = PBXFileReference; lastKnownFileType = file.storyboard; name = Base; path = Base.lproj/LaunchScreen.storyboard; sourceTree = "<group>"; };
		BAA7D03425E4F25F000250D8 /* Info.plist */ = {isa = PBXFileReference; lastKnownFileType = text.plist.xml; path = Info.plist; sourceTree = "<group>"; };
		BAA7D04125E4F597000250D8 /* GetUserDataModel.swift */ = {isa = PBXFileReference; fileEncoding = 4; lastKnownFileType = sourcecode.swift; path = GetUserDataModel.swift; sourceTree = "<group>"; };
		BAA7D04425E4F59B000250D8 /* SendModel.swift */ = {isa = PBXFileReference; fileEncoding = 4; lastKnownFileType = sourcecode.swift; path = SendModel.swift; sourceTree = "<group>"; };
		BAA7D04725E4F5A0000250D8 /* AlertSystem.swift */ = {isa = PBXFileReference; fileEncoding = 4; lastKnownFileType = sourcecode.swift; path = AlertSystem.swift; sourceTree = "<group>"; };
		BAA7D04A25E4F5A4000250D8 /* PersonalData.swift */ = {isa = PBXFileReference; fileEncoding = 4; lastKnownFileType = sourcecode.swift; path = PersonalData.swift; sourceTree = "<group>"; };
		BAA7D05025E4F5AC000250D8 /* LoadModel.swift */ = {isa = PBXFileReference; fileEncoding = 4; lastKnownFileType = sourcecode.swift; name = LoadModel.swift; path = ../../../../../Desktop/resource/Swift6BMIApp1/Swift6BMIApp1/Model/LoadModel.swift; sourceTree = "<group>"; };
		BAA7D05325E4F5B0000250D8 /* RankData.swift */ = {isa = PBXFileReference; fileEncoding = 4; lastKnownFileType = sourcecode.swift; path = RankData.swift; sourceTree = "<group>"; };
		BAA7D07125E4F66D000250D8 /* RecordViewController.swift */ = {isa = PBXFileReference; fileEncoding = 4; lastKnownFileType = sourcecode.swift; path = RecordViewController.swift; sourceTree = "<group>"; };
		BAA7D07425E4F671000250D8 /* TabViewController.swift */ = {isa = PBXFileReference; fileEncoding = 4; lastKnownFileType = sourcecode.swift; path = TabViewController.swift; sourceTree = "<group>"; };
		BAA7D07725E4F675000250D8 /* ChartViewController.swift */ = {isa = PBXFileReference; fileEncoding = 4; lastKnownFileType = sourcecode.swift; path = ChartViewController.swift; sourceTree = "<group>"; };
		BAA7D07A25E4F678000250D8 /* RankingViewController.swift */ = {isa = PBXFileReference; fileEncoding = 4; lastKnownFileType = sourcecode.swift; path = RankingViewController.swift; sourceTree = "<group>"; };
		BAA7D07D25E4F67B000250D8 /* SettingViewController.swift */ = {isa = PBXFileReference; fileEncoding = 4; lastKnownFileType = sourcecode.swift; path = SettingViewController.swift; sourceTree = "<group>"; };
		BAA7D08025E4F748000250D8 /* Main.storyboard */ = {isa = PBXFileReference; fileEncoding = 4; lastKnownFileType = file.storyboard; path = Main.storyboard; sourceTree = "<group>"; };
		BAA7D0C025E4FCEB000250D8 /* GoogleService-Info.plist */ = {isa = PBXFileReference; fileEncoding = 4; lastKnownFileType = text.plist.xml; path = "GoogleService-Info.plist"; sourceTree = "<group>"; };
		BAA7D0C425E50555000250D8 /* introViewController.swift */ = {isa = PBXFileReference; fileEncoding = 4; lastKnownFileType = sourcecode.swift; path = introViewController.swift; sourceTree = "<group>"; };
		BAA7D0C725E505CE000250D8 /* 1.json */ = {isa = PBXFileReference; fileEncoding = 4; lastKnownFileType = text.json; path = 1.json; sourceTree = "<group>"; };
		BAA7D0CA25E505D2000250D8 /* 2.json */ = {isa = PBXFileReference; fileEncoding = 4; lastKnownFileType = text.json; path = 2.json; sourceTree = "<group>"; };
		BAA7D0CD25E505D7000250D8 /* 3.json */ = {isa = PBXFileReference; fileEncoding = 4; lastKnownFileType = text.json; path = 3.json; sourceTree = "<group>"; };
		BAA7D0D025E505DA000250D8 /* 4.json */ = {isa = PBXFileReference; fileEncoding = 4; lastKnownFileType = text.json; path = 4.json; sourceTree = "<group>"; };
		BAA7D0D325E505DD000250D8 /* 5.json */ = {isa = PBXFileReference; fileEncoding = 4; lastKnownFileType = text.json; path = 5.json; sourceTree = "<group>"; };
		BAA7D0D725E52F44000250D8 /* ViewController.swift */ = {isa = PBXFileReference; fileEncoding = 4; lastKnownFileType = sourcecode.swift; path = ViewController.swift; sourceTree = "<group>"; };
		BAA7D0DB25E53009000250D8 /* GetDateModel.swift */ = {isa = PBXFileReference; fileEncoding = 4; lastKnownFileType = sourcecode.swift; path = GetDateModel.swift; sourceTree = "<group>"; };
		BAAC6ECA25E649E9001F028E /* MessageCell.xib */ = {isa = PBXFileReference; fileEncoding = 4; lastKnownFileType = file.xib; path = MessageCell.xib; sourceTree = "<group>"; };
		CFEF3F363BEE650B4AE209DC /* Pods-TryApp.release.xcconfig */ = {isa = PBXFileReference; includeInIndex = 1; lastKnownFileType = text.xcconfig; name = "Pods-TryApp.release.xcconfig"; path = "Target Support Files/Pods-TryApp/Pods-TryApp.release.xcconfig"; sourceTree = "<group>"; };
/* End PBXFileReference section */

/* Begin PBXFrameworksBuildPhase section */
		BAA7D02025E4F25F000250D8 /* Frameworks */ = {
			isa = PBXFrameworksBuildPhase;
			buildActionMask = 2147483647;
			files = (
				D2E166FC879A0E5869989C6A /* Pods_TryApp.framework in Frameworks */,
			);
			runOnlyForDeploymentPostprocessing = 0;
		};
/* End PBXFrameworksBuildPhase section */

/* Begin PBXGroup section */
		45D11A4DD8D4A9EDE8B22A6B /* Pods */ = {
			isa = PBXGroup;
			children = (
				85941715A56ED608DA527C0E /* Pods-TryApp.debug.xcconfig */,
				CFEF3F363BEE650B4AE209DC /* Pods-TryApp.release.xcconfig */,
			);
			path = Pods;
			sourceTree = "<group>";
		};
		8BD9B34DF5BF373A9900A326 /* Frameworks */ = {
			isa = PBXGroup;
			children = (
				365DEB51C472B22D9DA0158C /* Pods_TryApp.framework */,
			);
			name = Frameworks;
			sourceTree = "<group>";
		};
		BAA7D01A25E4F25F000250D8 = {
			isa = PBXGroup;
			children = (
				BAA7D02525E4F25F000250D8 /* TryApp */,
				BAA7D02425E4F25F000250D8 /* Products */,
				45D11A4DD8D4A9EDE8B22A6B /* Pods */,
				8BD9B34DF5BF373A9900A326 /* Frameworks */,
			);
			sourceTree = "<group>";
		};
		BAA7D02425E4F25F000250D8 /* Products */ = {
			isa = PBXGroup;
			children = (
				BAA7D02325E4F25F000250D8 /* TryApp.app */,
			);
			name = Products;
			sourceTree = "<group>";
		};
		BAA7D02525E4F25F000250D8 /* TryApp */ = {
			isa = PBXGroup;
			children = (
				BAA7D03C25E4F54E000250D8 /* Model */,
				BAA7D03D25E4F558000250D8 /* Controllers */,
				BAA7D02625E4F25F000250D8 /* AppDelegate.swift */,
				BAA7D02825E4F25F000250D8 /* SceneDelegate.swift */,
				BAA7D08025E4F748000250D8 /* Main.storyboard */,
				BAAC6ECA25E649E9001F028E /* MessageCell.xib */,
				BA2C6F3E25E63CD500B8275C /* MessageCell.swift */,
				BA3740D525E8CA4100769741 /* CustomCell.xib */,
				BA3740D825E8CA4700769741 /* CustomCell.swift */,
				BAA7D03125E4F25F000250D8 /* LaunchScreen.storyboard */,
				BAA7D02F25E4F25F000250D8 /* Assets.xcassets */,
				BAA7D0C025E4FCEB000250D8 /* GoogleService-Info.plist */,
				BAA7D03425E4F25F000250D8 /* Info.plist */,
				BA6846E625E624C600DAAB9A /* sea.mov */,
				BAA7D0C725E505CE000250D8 /* 1.json */,
				BAA7D0CA25E505D2000250D8 /* 2.json */,
				BAA7D0CD25E505D7000250D8 /* 3.json */,
				BAA7D0D025E505DA000250D8 /* 4.json */,
				BAA7D0D325E505DD000250D8 /* 5.json */,
			);
			path = TryApp;
			sourceTree = "<group>";
		};
		BAA7D03C25E4F54E000250D8 /* Model */ = {
			isa = PBXGroup;
			children = (
				BAA7D0DB25E53009000250D8 /* GetDateModel.swift */,
				BAA7D04125E4F597000250D8 /* GetUserDataModel.swift */,
				BA3740CF25E8CA2500769741 /* AnswersModel.swift */,
				BA3740D225E8CA2A00769741 /* CommentModel.swift */,
				BA2C6EDD25E639FC00B8275C /* SendToDBModel.swift */,
				BAA7D04425E4F59B000250D8 /* SendModel.swift */,
				BA2C6EFF25E63BDA00B8275C /* RoomModel.swift */,
				BA2C6EFC25E63BD100B8275C /* Message.swift */,
				BAA7D04725E4F5A0000250D8 /* AlertSystem.swift */,
				BAA7D04A25E4F5A4000250D8 /* PersonalData.swift */,
				BAA7D05025E4F5AC000250D8 /* LoadModel.swift */,
				BAA7D05325E4F5B0000250D8 /* RankData.swift */,
			);
			path = Model;
			sourceTree = "<group>";
		};
		BAA7D03D25E4F558000250D8 /* Controllers */ = {
			isa = PBXGroup;
			children = (
				BA3740CA25E8C97A00769741 /* OdaiController.swift */,
				BAA7D0D725E52F44000250D8 /* ViewController.swift */,
				BA3740C425E8C96400769741 /* CheckViewController.swift */,
				BAA7D07125E4F66D000250D8 /* RecordViewController.swift */,
				BA3740C725E8C96B00769741 /* CommentViewController.swift */,
				BAA7D07425E4F671000250D8 /* TabViewController.swift */,
				BA2C6EDA25E638BA00B8275C /* ChatViewController.swift */,
				BAA7D07725E4F675000250D8 /* ChartViewController.swift */,
				BAA7D07A25E4F678000250D8 /* RankingViewController.swift */,
				BAA7D0C425E50555000250D8 /* introViewController.swift */,
				BAA7D07D25E4F67B000250D8 /* SettingViewController.swift */,
				BA6846ED25E6262B00DAAB9A /* MovieViewController.swift */,
			);
			path = Controllers;
			sourceTree = "<group>";
		};
/* End PBXGroup section */

/* Begin PBXNativeTarget section */
		BAA7D02225E4F25F000250D8 /* TryApp */ = {
			isa = PBXNativeTarget;
			buildConfigurationList = BAA7D03725E4F25F000250D8 /* Build configuration list for PBXNativeTarget "TryApp" */;
			buildPhases = (
				4919E649CA059C06F369978A /* [CP] Check Pods Manifest.lock */,
				BAA7D01F25E4F25F000250D8 /* Sources */,
				BAA7D02025E4F25F000250D8 /* Frameworks */,
				BAA7D02125E4F25F000250D8 /* Resources */,
				F354E363BAE4CE74475FCDFE /* [CP] Embed Pods Frameworks */,
			);
			buildRules = (
			);
			dependencies = (
			);
			name = TryApp;
			productName = TryApp;
			productReference = BAA7D02325E4F25F000250D8 /* TryApp.app */;
			productType = "com.apple.product-type.application";
		};
/* End PBXNativeTarget section */

/* Begin PBXProject section */
		BAA7D01B25E4F25F000250D8 /* Project object */ = {
			isa = PBXProject;
			attributes = {
				LastSwiftUpdateCheck = 1240;
				LastUpgradeCheck = 1240;
				TargetAttributes = {
					BAA7D02225E4F25F000250D8 = {
						CreatedOnToolsVersion = 12.4;
					};
				};
			};
			buildConfigurationList = BAA7D01E25E4F25F000250D8 /* Build configuration list for PBXProject "TryApp" */;
			compatibilityVersion = "Xcode 9.3";
			developmentRegion = en;
			hasScannedForEncodings = 0;
			knownRegions = (
				en,
				Base,
			);
			mainGroup = BAA7D01A25E4F25F000250D8;
			productRefGroup = BAA7D02425E4F25F000250D8 /* Products */;
			projectDirPath = "";
			projectRoot = "";
			targets = (
				BAA7D02225E4F25F000250D8 /* TryApp */,
			);
		};
/* End PBXProject section */

/* Begin PBXResourcesBuildPhase section */
		BAA7D02125E4F25F000250D8 /* Resources */ = {
			isa = PBXResourcesBuildPhase;
			buildActionMask = 2147483647;
			files = (
				BAA7D0C825E505CE000250D8 /* 1.json in Resources */,
				BAA7D03325E4F25F000250D8 /* LaunchScreen.storyboard in Resources */,
				BA6846E725E624C600DAAB9A /* sea.mov in Resources */,
				BAA7D0D125E505DA000250D8 /* 4.json in Resources */,
				BAAC6ECB25E649E9001F028E /* MessageCell.xib in Resources */,
				BAA7D0CB25E505D2000250D8 /* 2.json in Resources */,
				BA3740D625E8CA4100769741 /* CustomCell.xib in Resources */,
				BAA7D0CE25E505D7000250D8 /* 3.json in Resources */,
				BAA7D0D425E505DD000250D8 /* 5.json in Resources */,
				BAA7D03025E4F25F000250D8 /* Assets.xcassets in Resources */,
				BAA7D08125E4F748000250D8 /* Main.storyboard in Resources */,
				BAA7D0C125E4FCEB000250D8 /* GoogleService-Info.plist in Resources */,
			);
			runOnlyForDeploymentPostprocessing = 0;
		};
/* End PBXResourcesBuildPhase section */

/* Begin PBXShellScriptBuildPhase section */
		4919E649CA059C06F369978A /* [CP] Check Pods Manifest.lock */ = {
			isa = PBXShellScriptBuildPhase;
			buildActionMask = 2147483647;
			files = (
			);
			inputFileListPaths = (
			);
			inputPaths = (
				"${PODS_PODFILE_DIR_PATH}/Podfile.lock",
				"${PODS_ROOT}/Manifest.lock",
			);
			name = "[CP] Check Pods Manifest.lock";
			outputFileListPaths = (
			);
			outputPaths = (
				"$(DERIVED_FILE_DIR)/Pods-TryApp-checkManifestLockResult.txt",
			);
			runOnlyForDeploymentPostprocessing = 0;
			shellPath = /bin/sh;
			shellScript = "diff \"${PODS_PODFILE_DIR_PATH}/Podfile.lock\" \"${PODS_ROOT}/Manifest.lock\" > /dev/null\nif [ $? != 0 ] ; then\n    # print error to STDERR\n    echo \"error: The sandbox is not in sync with the Podfile.lock. Run 'pod install' or update your CocoaPods installation.\" >&2\n    exit 1\nfi\n# This output is used by Xcode 'outputs' to avoid re-running this script phase.\necho \"SUCCESS\" > \"${SCRIPT_OUTPUT_FILE_0}\"\n";
			showEnvVarsInLog = 0;
		};
		F354E363BAE4CE74475FCDFE /* [CP] Embed Pods Frameworks */ = {
			isa = PBXShellScriptBuildPhase;
			buildActionMask = 2147483647;
			files = (
			);
			inputFileListPaths = (
				"${PODS_ROOT}/Target Support Files/Pods-TryApp/Pods-TryApp-frameworks-${CONFIGURATION}-input-files.xcfilelist",
			);
			name = "[CP] Embed Pods Frameworks";
			outputFileListPaths = (
				"${PODS_ROOT}/Target Support Files/Pods-TryApp/Pods-TryApp-frameworks-${CONFIGURATION}-output-files.xcfilelist",
			);
			runOnlyForDeploymentPostprocessing = 0;
			shellPath = /bin/sh;
			shellScript = "\"${PODS_ROOT}/Target Support Files/Pods-TryApp/Pods-TryApp-frameworks.sh\"\n";
			showEnvVarsInLog = 0;
		};
/* End PBXShellScriptBuildPhase section */

/* Begin PBXSourcesBuildPhase section */
		BAA7D01F25E4F25F000250D8 /* Sources */ = {
			isa = PBXSourcesBuildPhase;
			buildActionMask = 2147483647;
			files = (
				BA3740CB25E8C97A00769741 /* OdaiController.swift in Sources */,
				BA3740C525E8C96400769741 /* CheckViewController.swift in Sources */,
				BAA7D07825E4F675000250D8 /* ChartViewController.swift in Sources */,
				BAA7D04525E4F59B000250D8 /* SendModel.swift in Sources */,
				BAA7D07E25E4F67B000250D8 /* SettingViewController.swift in Sources */,
				BAA7D05425E4F5B0000250D8 /* RankData.swift in Sources */,
				BAA7D07225E4F66D000250D8 /* RecordViewController.swift in Sources */,
				BAA7D07B25E4F678000250D8 /* RankingViewController.swift in Sources */,
				BAA7D07525E4F671000250D8 /* TabViewController.swift in Sources */,
				BA3740C825E8C96B00769741 /* CommentViewController.swift in Sources */,
				BAA7D04225E4F597000250D8 /* GetUserDataModel.swift in Sources */,
				BA3740D025E8CA2500769741 /* AnswersModel.swift in Sources */,
				BA6846EE25E6262B00DAAB9A /* MovieViewController.swift in Sources */,
				BAA7D04B25E4F5A4000250D8 /* PersonalData.swift in Sources */,
				BAA7D02725E4F25F000250D8 /* AppDelegate.swift in Sources */,
				BA2C6F3F25E63CD500B8275C /* MessageCell.swift in Sources */,
				BA3740D325E8CA2A00769741 /* CommentModel.swift in Sources */,
				BAA7D04825E4F5A0000250D8 /* AlertSystem.swift in Sources */,
				BA2C6EDE25E639FC00B8275C /* SendToDBModel.swift in Sources */,
				BAA7D02925E4F25F000250D8 /* SceneDelegate.swift in Sources */,
				BA2C6F0025E63BDA00B8275C /* RoomModel.swift in Sources */,
				BAA7D0DC25E53009000250D8 /* GetDateModel.swift in Sources */,
				BAA7D05125E4F5AC000250D8 /* LoadModel.swift in Sources */,
				BAA7D0D825E52F44000250D8 /* ViewController.swift in Sources */,
				BA2C6EFD25E63BD100B8275C /* Message.swift in Sources */,
				BA2C6EDB25E638BA00B8275C /* ChatViewController.swift in Sources */,
				BA3740D925E8CA4700769741 /* CustomCell.swift in Sources */,
				BAA7D0C525E50555000250D8 /* introViewController.swift in Sources */,
			);
			runOnlyForDeploymentPostprocessing = 0;
		};
/* End PBXSourcesBuildPhase section */

/* Begin PBXVariantGroup section */
		BAA7D03125E4F25F000250D8 /* LaunchScreen.storyboard */ = {
			isa = PBXVariantGroup;
			children = (
				BAA7D03225E4F25F000250D8 /* Base */,
			);
			name = LaunchScreen.storyboard;
			sourceTree = "<group>";
		};
/* End PBXVariantGroup section */

/* Begin XCBuildConfiguration section */
		BAA7D03525E4F25F000250D8 /* Debug */ = {
			isa = XCBuildConfiguration;
			buildSettings = {
				ALWAYS_SEARCH_USER_PATHS = NO;
				CLANG_ANALYZER_NONNULL = YES;
				CLANG_ANALYZER_NUMBER_OBJECT_CONVERSION = YES_AGGRESSIVE;
				CLANG_CXX_LANGUAGE_STANDARD = "gnu++14";
				CLANG_CXX_LIBRARY = "libc++";
				CLANG_ENABLE_MODULES = YES;
				CLANG_ENABLE_OBJC_ARC = YES;
				CLANG_ENABLE_OBJC_WEAK = YES;
				CLANG_WARN_BLOCK_CAPTURE_AUTORELEASING = YES;
				CLANG_WARN_BOOL_CONVERSION = YES;
				CLANG_WARN_COMMA = YES;
				CLANG_WARN_CONSTANT_CONVERSION = YES;
				CLANG_WARN_DEPRECATED_OBJC_IMPLEMENTATIONS = YES;
				CLANG_WARN_DIRECT_OBJC_ISA_USAGE = YES_ERROR;
				CLANG_WARN_DOCUMENTATION_COMMENTS = YES;
				CLANG_WARN_EMPTY_BODY = YES;
				CLANG_WARN_ENUM_CONVERSION = YES;
				CLANG_WARN_INFINITE_RECURSION = YES;
				CLANG_WARN_INT_CONVERSION = YES;
				CLANG_WARN_NON_LITERAL_NULL_CONVERSION = YES;
				CLANG_WARN_OBJC_IMPLICIT_RETAIN_SELF = YES;
				CLANG_WARN_OBJC_LITERAL_CONVERSION = YES;
				CLANG_WARN_OBJC_ROOT_CLASS = YES_ERROR;
				CLANG_WARN_QUOTED_INCLUDE_IN_FRAMEWORK_HEADER = YES;
				CLANG_WARN_RANGE_LOOP_ANALYSIS = YES;
				CLANG_WARN_STRICT_PROTOTYPES = YES;
				CLANG_WARN_SUSPICIOUS_MOVE = YES;
				CLANG_WARN_UNGUARDED_AVAILABILITY = YES_AGGRESSIVE;
				CLANG_WARN_UNREACHABLE_CODE = YES;
				CLANG_WARN__DUPLICATE_METHOD_MATCH = YES;
				COPY_PHASE_STRIP = NO;
				DEBUG_INFORMATION_FORMAT = dwarf;
				ENABLE_STRICT_OBJC_MSGSEND = YES;
				ENABLE_TESTABILITY = YES;
				GCC_C_LANGUAGE_STANDARD = gnu11;
				GCC_DYNAMIC_NO_PIC = NO;
				GCC_NO_COMMON_BLOCKS = YES;
				GCC_OPTIMIZATION_LEVEL = 0;
				GCC_PREPROCESSOR_DEFINITIONS = (
					"DEBUG=1",
					"$(inherited)",
				);
				GCC_WARN_64_TO_32_BIT_CONVERSION = YES;
				GCC_WARN_ABOUT_RETURN_TYPE = YES_ERROR;
				GCC_WARN_UNDECLARED_SELECTOR = YES;
				GCC_WARN_UNINITIALIZED_AUTOS = YES_AGGRESSIVE;
				GCC_WARN_UNUSED_FUNCTION = YES;
				GCC_WARN_UNUSED_VARIABLE = YES;
				IPHONEOS_DEPLOYMENT_TARGET = 14.4;
				MTL_ENABLE_DEBUG_INFO = INCLUDE_SOURCE;
				MTL_FAST_MATH = YES;
				ONLY_ACTIVE_ARCH = YES;
				SDKROOT = iphoneos;
				SWIFT_ACTIVE_COMPILATION_CONDITIONS = DEBUG;
				SWIFT_OPTIMIZATION_LEVEL = "-Onone";
			};
			name = Debug;
		};
		BAA7D03625E4F25F000250D8 /* Release */ = {
			isa = XCBuildConfiguration;
			buildSettings = {
				ALWAYS_SEARCH_USER_PATHS = NO;
				CLANG_ANALYZER_NONNULL = YES;
				CLANG_ANALYZER_NUMBER_OBJECT_CONVERSION = YES_AGGRESSIVE;
				CLANG_CXX_LANGUAGE_STANDARD = "gnu++14";
				CLANG_CXX_LIBRARY = "libc++";
				CLANG_ENABLE_MODULES = YES;
				CLANG_ENABLE_OBJC_ARC = YES;
				CLANG_ENABLE_OBJC_WEAK = YES;
				CLANG_WARN_BLOCK_CAPTURE_AUTORELEASING = YES;
				CLANG_WARN_BOOL_CONVERSION = YES;
				CLANG_WARN_COMMA = YES;
				CLANG_WARN_CONSTANT_CONVERSION = YES;
				CLANG_WARN_DEPRECATED_OBJC_IMPLEMENTATIONS = YES;
				CLANG_WARN_DIRECT_OBJC_ISA_USAGE = YES_ERROR;
				CLANG_WARN_DOCUMENTATION_COMMENTS = YES;
				CLANG_WARN_EMPTY_BODY = YES;
				CLANG_WARN_ENUM_CONVERSION = YES;
				CLANG_WARN_INFINITE_RECURSION = YES;
				CLANG_WARN_INT_CONVERSION = YES;
				CLANG_WARN_NON_LITERAL_NULL_CONVERSION = YES;
				CLANG_WARN_OBJC_IMPLICIT_RETAIN_SELF = YES;
				CLANG_WARN_OBJC_LITERAL_CONVERSION = YES;
				CLANG_WARN_OBJC_ROOT_CLASS = YES_ERROR;
				CLANG_WARN_QUOTED_INCLUDE_IN_FRAMEWORK_HEADER = YES;
				CLANG_WARN_RANGE_LOOP_ANALYSIS = YES;
				CLANG_WARN_STRICT_PROTOTYPES = YES;
				CLANG_WARN_SUSPICIOUS_MOVE = YES;
				CLANG_WARN_UNGUARDED_AVAILABILITY = YES_AGGRESSIVE;
				CLANG_WARN_UNREACHABLE_CODE = YES;
				CLANG_WARN__DUPLICATE_METHOD_MATCH = YES;
				COPY_PHASE_STRIP = NO;
				DEBUG_INFORMATION_FORMAT = "dwarf-with-dsym";
				ENABLE_NS_ASSERTIONS = NO;
				ENABLE_STRICT_OBJC_MSGSEND = YES;
				GCC_C_LANGUAGE_STANDARD = gnu11;
				GCC_NO_COMMON_BLOCKS = YES;
				GCC_WARN_64_TO_32_BIT_CONVERSION = YES;
				GCC_WARN_ABOUT_RETURN_TYPE = YES_ERROR;
				GCC_WARN_UNDECLARED_SELECTOR = YES;
				GCC_WARN_UNINITIALIZED_AUTOS = YES_AGGRESSIVE;
				GCC_WARN_UNUSED_FUNCTION = YES;
				GCC_WARN_UNUSED_VARIABLE = YES;
				IPHONEOS_DEPLOYMENT_TARGET = 14.4;
				MTL_ENABLE_DEBUG_INFO = NO;
				MTL_FAST_MATH = YES;
				SDKROOT = iphoneos;
				SWIFT_COMPILATION_MODE = wholemodule;
				SWIFT_OPTIMIZATION_LEVEL = "-O";
				VALIDATE_PRODUCT = YES;
			};
			name = Release;
		};
		BAA7D03825E4F25F000250D8 /* Debug */ = {
			isa = XCBuildConfiguration;
			baseConfigurationReference = 85941715A56ED608DA527C0E /* Pods-TryApp.debug.xcconfig */;
			buildSettings = {
				ASSETCATALOG_COMPILER_APPICON_NAME = AppIcon;
				ASSETCATALOG_COMPILER_GLOBAL_ACCENT_COLOR_NAME = AccentColor;
				CODE_SIGN_STYLE = Automatic;
				DEVELOPMENT_TEAM = 9L4Q79237M;
				INFOPLIST_FILE = TryApp/Info.plist;
				LD_RUNPATH_SEARCH_PATHS = (
					"$(inherited)",
					"@executable_path/Frameworks",
				);
				PRODUCT_BUNDLE_IDENTIFIER = com.shinya.TryApp;
				PRODUCT_NAME = "$(TARGET_NAME)";
				SWIFT_VERSION = 5.0;
				TARGETED_DEVICE_FAMILY = 1;
			};
			name = Debug;
		};
		BAA7D03925E4F25F000250D8 /* Release */ = {
			isa = XCBuildConfiguration;
			baseConfigurationReference = CFEF3F363BEE650B4AE209DC /* Pods-TryApp.release.xcconfig */;
			buildSettings = {
				ASSETCATALOG_COMPILER_APPICON_NAME = AppIcon;
				ASSETCATALOG_COMPILER_GLOBAL_ACCENT_COLOR_NAME = AccentColor;
				CODE_SIGN_STYLE = Automatic;
				DEVELOPMENT_TEAM = 9L4Q79237M;
				INFOPLIST_FILE = TryApp/Info.plist;
				LD_RUNPATH_SEARCH_PATHS = (
					"$(inherited)",
					"@executable_path/Frameworks",
				);
				PRODUCT_BUNDLE_IDENTIFIER = com.shinya.TryApp;
				PRODUCT_NAME = "$(TARGET_NAME)";
				SWIFT_VERSION = 5.0;
				TARGETED_DEVICE_FAMILY = 1;
			};
			name = Release;
		};
/* End XCBuildConfiguration section */

/* Begin XCConfigurationList section */
		BAA7D01E25E4F25F000250D8 /* Build configuration list for PBXProject "TryApp" */ = {
			isa = XCConfigurationList;
			buildConfigurations = (
				BAA7D03525E4F25F000250D8 /* Debug */,
				BAA7D03625E4F25F000250D8 /* Release */,
			);
			defaultConfigurationIsVisible = 0;
			defaultConfigurationName = Release;
		};
		BAA7D03725E4F25F000250D8 /* Build configuration list for PBXNativeTarget "TryApp" */ = {
			isa = XCConfigurationList;
			buildConfigurations = (
				BAA7D03825E4F25F000250D8 /* Debug */,
				BAA7D03925E4F25F000250D8 /* Release */,
			);
			defaultConfigurationIsVisible = 0;
			defaultConfigurationName = Release;
		};
/* End XCConfigurationList section */
	};
	rootObject = BAA7D01B25E4F25F000250D8 /* Project object */;
}
